
Microsoft Visual Studio Solution File, Format Version 12.00
# Visual Studio 14
VisualStudioVersion = 14.0.24720.0
MinimumVisualStudioVersion = 10.0.40219.1
Project("{E24C65DC-7377-472B-9ABA-BC803B73C61A}") = "DVDSwap", ".", "{64593CCA-8725-42BD-B406-3F4494C4E8FA}"
	ProjectSection(WebsiteProperties) = preProject
		TargetFrameworkMoniker = ".NETFramework,Version%3Dv4.0"
		Debug.AspNetCompiler.VirtualPath = "/localhost_49597"
		Debug.AspNetCompiler.PhysicalPath = "..\DVDSwap\"
		Debug.AspNetCompiler.TargetPath = "PrecompiledWeb\localhost_49597\"
		Debug.AspNetCompiler.Updateable = "true"
		Debug.AspNetCompiler.ForceOverwrite = "true"
		Debug.AspNetCompiler.FixedNames = "false"
		Debug.AspNetCompiler.Debug = "True"
		Release.AspNetCompiler.VirtualPath = "/localhost_49597"
		Release.AspNetCompiler.PhysicalPath = "..\DVDSwap\"
		Release.AspNetCompiler.TargetPath = "PrecompiledWeb\localhost_49597\"
		Release.AspNetCompiler.Updateable = "true"
		Release.AspNetCompiler.ForceOverwrite = "true"
		Release.AspNetCompiler.FixedNames = "false"
		Release.AspNetCompiler.Debug = "False"
		VWDPort = "49597"
		SlnRelativePath = "..\DVDSwap\"
	EndProjectSection
EndProject
Global
	GlobalSection(SolutionConfigurationPlatforms) = preSolution
		Debug|Any CPU = Debug|Any CPU
	EndGlobalSection
	GlobalSection(ProjectConfigurationPlatforms) = postSolution
		{64593CCA-8725-42BD-B406-3F4494C4E8FA}.Debug|Any CPU.ActiveCfg = Debug|Any CPU
		{64593CCA-8725-42BD-B406-3F4494C4E8FA}.Debug|Any CPU.Build.0 = Debug|Any CPU
	EndGlobalSection
	GlobalSection(SolutionProperties) = preSolution
		HideSolutionNode = FALSE
	EndGlobalSection
EndGlobal
